
Microsoft Visual Studio Solution File, Format Version 12.00
# Visual Studio Version 17
VisualStudioVersion = 17.12.35527.113
MinimumVisualStudioVersion = 10.0.40219.1
Project("{FAE04EC0-301F-11D3-BF4B-00C04F79EFBC}") = "POS", "POS\POS.csproj", "{B74A0B4F-AC0D-454F-B0EA-6C1E3D698402}"
EndProject
Project("{FAE04EC0-301F-11D3-BF4B-00C04F79EFBC}") = "POS.Core", "POS.Core\POS.Core.csproj", "{535F9460-F06E-4795-BA85-B3225DA3420B}"
EndProject
Project("{FAE04EC0-301F-11D3-BF4B-00C04F79EFBC}") = "POS.Repository", "POS.Repository\POS.Repository.csproj", "{68EBCEC2-DEBD-4220-9F7D-B6AB8ADE4BAC}"
EndProject
Project("{FAE04EC0-301F-11D3-BF4B-00C04F79EFBC}") = "POS.Service", "POS.Service\POS.Service.csproj", "{BA838647-8032-4C25-9C8B-7AA498CBD9BA}"
EndProject
Project("{FAE04EC0-301F-11D3-BF4B-00C04F79EFBC}") = "POS.UI", "POS.UI\POS.UI.csproj", "{6CEB7938-B613-4070-829D-5D64465DBC97}"
EndProject
Global
	GlobalSection(SolutionConfigurationPlatforms) = preSolution
		Debug|Any CPU = Debug|Any CPU
		Release|Any CPU = Release|Any CPU
	EndGlobalSection
	GlobalSection(ProjectConfigurationPlatforms) = postSolution
		{B74A0B4F-AC0D-454F-B0EA-6C1E3D698402}.Debug|Any CPU.ActiveCfg = Debug|Any CPU
		{B74A0B4F-AC0D-454F-B0EA-6C1E3D698402}.Debug|Any CPU.Build.0 = Debug|Any CPU
		{B74A0B4F-AC0D-454F-B0EA-6C1E3D698402}.Release|Any CPU.ActiveCfg = Release|Any CPU
		{B74A0B4F-AC0D-454F-B0EA-6C1E3D698402}.Release|Any CPU.Build.0 = Release|Any CPU
		{535F9460-F06E-4795-BA85-B3225DA3420B}.Debug|Any CPU.ActiveCfg = Debug|Any CPU
		{535F9460-F06E-4795-BA85-B3225DA3420B}.Debug|Any CPU.Build.0 = Debug|Any CPU
		{535F9460-F06E-4795-BA85-B3225DA3420B}.Release|Any CPU.ActiveCfg = Release|Any CPU
		{535F9460-F06E-4795-BA85-B3225DA3420B}.Release|Any CPU.Build.0 = Release|Any CPU
		{68EBCEC2-DEBD-4220-9F7D-B6AB8ADE4BAC}.Debug|Any CPU.ActiveCfg = Debug|Any CPU
		{68EBCEC2-DEBD-4220-9F7D-B6AB8ADE4BAC}.Debug|Any CPU.Build.0 = Debug|Any CPU
		{68EBCEC2-DEBD-4220-9F7D-B6AB8ADE4BAC}.Release|Any CPU.ActiveCfg = Release|Any CPU
		{68EBCEC2-DEBD-4220-9F7D-B6AB8ADE4BAC}.Release|Any CPU.Build.0 = Release|Any CPU
		{BA838647-8032-4C25-9C8B-7AA498CBD9BA}.Debug|Any CPU.ActiveCfg = Debug|Any CPU
		{BA838647-8032-4C25-9C8B-7AA498CBD9BA}.Debug|Any CPU.Build.0 = Debug|Any CPU
		{BA838647-8032-4C25-9C8B-7AA498CBD9BA}.Release|Any CPU.ActiveCfg = Release|Any CPU
		{BA838647-8032-4C25-9C8B-7AA498CBD9BA}.Release|Any CPU.Build.0 = Release|Any CPU
		{6CEB7938-B613-4070-829D-5D64465DBC97}.Debug|Any CPU.ActiveCfg = Debug|Any CPU
		{6CEB7938-B613-4070-829D-5D64465DBC97}.Debug|Any CPU.Build.0 = Debug|Any CPU
		{6CEB7938-B613-4070-829D-5D64465DBC97}.Release|Any CPU.ActiveCfg = Release|Any CPU
		{6CEB7938-B613-4070-829D-5D64465DBC97}.Release|Any CPU.Build.0 = Release|Any CPU
	EndGlobalSection
	GlobalSection(SolutionProperties) = preSolution
		HideSolutionNode = FALSE
	EndGlobalSection
	GlobalSection(ExtensibilityGlobals) = postSolution
		SolutionGuid = {4322086D-09D4-4779-8064-E9E7E4643DDF}
	EndGlobalSection
EndGlobal
